
Microsoft Visual Studio Solution File, Format Version 12.00
# Visual Studio Version 17
VisualStudioVersion = 17.10.34928.147
MinimumVisualStudioVersion = 10.0.40219.1
Project("{FAE04EC0-301F-11D3-BF4B-00C04F79EFBC}") = "TestProject1", "TestProject1\TestProject1.csproj", "{506383A7-D5F4-4077-9B20-47FD36A2A0BD}"
EndProject
Global
	GlobalSection(SolutionConfigurationPlatforms) = preSolution
		Debug|Any CPU = Debug|Any CPU
		Release|Any CPU = Release|Any CPU
	EndGlobalSection
	GlobalSection(ProjectConfigurationPlatforms) = postSolution
		{506383A7-D5F4-4077-9B20-47FD36A2A0BD}.Debug|Any CPU.ActiveCfg = Debug|Any CPU
		{506383A7-D5F4-4077-9B20-47FD36A2A0BD}.Debug|Any CPU.Build.0 = Debug|Any CPU
		{506383A7-D5F4-4077-9B20-47FD36A2A0BD}.Release|Any CPU.ActiveCfg = Release|Any CPU
		{506383A7-D5F4-4077-9B20-47FD36A2A0BD}.Release|Any CPU.Build.0 = Release|Any CPU
	EndGlobalSection
	GlobalSection(SolutionProperties) = preSolution
		HideSolutionNode = FALSE
	EndGlobalSection
	GlobalSection(ExtensibilityGlobals) = postSolution
		SolutionGuid = {647F16CA-C9F1-4BC8-92F6-DBF22780D461}
	EndGlobalSection
EndGlobal
